
Microsoft Visual Studio Solution File, Format Version 12.00
# Visual Studio 15
Project("{FAE04EC0-301F-11D3-BF4B-00C04F79EFBC}") = "aws-csharp", "aws-csharp.csproj", "{1D487298-359D-47EC-ACF1-7EFB8EAE0BF5}"
EndProject
Global
	GlobalSection(SolutionConfigurationPlatforms) = preSolution
		Debug|Any CPU = Debug|Any CPU
		Release|Any CPU = Release|Any CPU
	EndGlobalSection
	GlobalSection(ProjectConfigurationPlatforms) = postSolution
		{1D487298-359D-47EC-ACF1-7EFB8EAE0BF5}.Debug|Any CPU.ActiveCfg = Debug|Any CPU
		{1D487298-359D-47EC-ACF1-7EFB8EAE0BF5}.Debug|Any CPU.Build.0 = Debug|Any CPU
		{1D487298-359D-47EC-ACF1-7EFB8EAE0BF5}.Release|Any CPU.ActiveCfg = Release|Any CPU
		{1D487298-359D-47EC-ACF1-7EFB8EAE0BF5}.Release|Any CPU.Build.0 = Release|Any CPU
	EndGlobalSection
EndGlobal
